github.com/cloudflare/circl v1.6.3 h1:9GPOhQGF9MCYUeXyMYlqTR6a5gTrgR/fBLXvUgtVcg8=
github.com/cloudflare/circl v1.6.3/go.mod h1:2eXP6Qfat4O/Yhh8BznvKnJ+uzEoTQ6jVKJRn81BiS4=
github.com/luxfi/accel v1.0.7 h1:ksHieAp50umwqxqgyHk9WiOmXM54kia3IEDb5H7FsM8=
github.com/luxfi/accel v1.0.7/go.mod h1:iZD3oxffiMEIT/KvzD8bgwC/cBn4AYlMW3QJpbRa4RE=
github.com/luxfi/api v1.0.10 h1:tqtiCX8DcBsFG0JEhKy7eUNI+42+m2DoPjLjEh5TE5E=
github.com/luxfi/api v1.0.10/go.mod h1:5OFWvZF+PbyuvLCDyKKpXCA/xp+LxJ32yOhNEKwQFN0=
github.com/luxfi/crypto v1.19.0 h1:VtH6kvZrCEjCnkHPkhExDU+GJ0ZulYX4rnA+lXJdJHw=
github.com/luxfi/crypto v1.19.0/go.mod h1:ee525i8Recbpb0jVTDZYZBr1MmvJ27OITJHZ/nlNMBw=
golang.org/x/crypto v0.50.0 h1:zO47/JPrL6vsNkINmLoo/PH1gcxpls50DNogFvB5ZGI=
golang.org/x/crypto v0.50.0/go.mod h1:3muZ7vA7PBCE6xgPX7nkzzjiUq87kRItoJQM1Yo8S+Q=
golang.org/x/sys v0.43.0 h1:Rlag2XtaFTxp19wS8MXlJwTvoh8ArU6ezoyFsMyCTNI=
golang.org/x/sys v0.43.0/go.mod h1:4GL1E5IUh+htKOUEOaiffhrAeqysfVGipDYzABqnCmw=
