github.com/cloudflare/circl v1.6.3 h1:9GPOhQGF9MCYUeXyMYlqTR6a5gTrgR/fBLXvUgtVcg8=
github.com/cloudflare/circl v1.6.3/go.mod h1:2eXP6Qfat4O/Yhh8BznvKnJ+uzEoTQ6jVKJRn81BiS4=
github.com/luxfi/accel v1.2.4 h1:5VbIHyEvvfobn2zBiTFODxDw1CeqxCepZOLlvkuf9yQ=
github.com/luxfi/accel v1.2.4/go.mod h1:ISIwAX+ZfsL/S5nsP2JvfldXN6Nc+QzoWf6Jtaq+xsQ=
github.com/luxfi/api v1.1.1 h1:CXD7m0quPmUm+Qw35TrF+E7b0Fq4qz9gHfrZ5gyrjHU=
github.com/luxfi/api v1.1.1/go.mod h1:g6J0iohVqaIj2aO1u/ZJPqjiX2tog0NM3/SBf7wJ4cA=
github.com/luxfi/crypto v1.20.2 h1:L81WEsU/hs2A76F5PWBusG0yU74QqkDdUqqgexWUxh4=
github.com/luxfi/crypto v1.20.2/go.mod h1:qYHOM0lO4PRh7LEaObxFQUIMjmT1/paVm/WgZkobT1k=
golang.org/x/crypto v0.52.0 h1:RMs7fP2rXdep0CftQlK8Uf+kibLm7qkCcradZWYz988=
golang.org/x/crypto v0.52.0/go.mod h1:1QgfPxDqh0T2M/elOJtp9RvuR95kVjir0e6/BvEmGbc=
golang.org/x/sys v0.45.0 h1:dO4czNzziLiiXplLQgBCEpCvXQ3dnkn0SdaZSYdQ+FY=
golang.org/x/sys v0.45.0/go.mod h1:4GL1E5IUh+htKOUEOaiffhrAeqysfVGipDYzABqnCmw=
